// !$*UTF8*$!
{
	archiveVersion = 1;
	classes = {
	};
	objectVersion = 56;
	objects = {

/* Begin PBXBuildFile section */
		FC8F0DBB2939DE6E0020AF38 /* ScenePaddingScenePaddingPage.swift in Sources */ = {isa = PBXBuildFile; fileRef = FC8F0DBA2939DE6E0020AF38 /* ScenePaddingScenePaddingPage.swift */; };
		FCD1E033293606B600B62149 /* FramePage.swift in Sources */ = {isa = PBXBuildFile; fileRef = FCD1E00B293606B500B62149 /* FramePage.swift */; };
		FCD1E034293606B600B62149 /* FixedSizePage.swift in Sources */ = {isa = PBXBuildFile; fileRef = FCD1E00D293606B500B62149 /* FixedSizePage.swift */; };
		FCD1E035293606B600B62149 /* LayoutPriorityPage.swift in Sources */ = {isa = PBXBuildFile; fileRef = FCD1E00E293606B500B62149 /* LayoutPriorityPage.swift */; };
		FCD1E036293606B600B62149 /* HiddenPage.swift in Sources */ = {isa = PBXBuildFile; fileRef = FCD1E00F293606B500B62149 /* HiddenPage.swift */; };
		FCD1E037293606B600B62149 /* OpacityPage.swift in Sources */ = {isa = PBXBuildFile; fileRef = FCD1E010293606B500B62149 /* OpacityPage.swift */; };
		FCD1E038293606B600B62149 /* ZIndexPage.swift in Sources */ = {isa = PBXBuildFile; fileRef = FCD1E011293606B500B62149 /* ZIndexPage.swift */; };
		FCD1E039293606B600B62149 /* PositionPage.swift in Sources */ = {isa = PBXBuildFile; fileRef = FCD1E013293606B500B62149 /* PositionPage.swift */; };
		FCD1E03A293606B600B62149 /* CoordinateSpacePage.swift in Sources */ = {isa = PBXBuildFile; fileRef = FCD1E014293606B500B62149 /* CoordinateSpacePage.swift */; };
		FCD1E03B293606B600B62149 /* OffsetPage.swift in Sources */ = {isa = PBXBuildFile; fileRef = FCD1E015293606B500B62149 /* OffsetPage.swift */; };
		FCD1E03C293606B600B62149 /* Assets.xcassets in Resources */ = {isa = PBXBuildFile; fileRef = FCD1E016293606B500B62149 /* Assets.xcassets */; };
		FCD1E03D293606B600B62149 /* Preview Assets.xcassets in Resources */ = {isa = PBXBuildFile; fileRef = FCD1E018293606B500B62149 /* Preview Assets.xcassets */; };
		FCD1E03E293606B600B62149 /* PageRow.swift in Sources */ = {isa = PBXBuildFile; fileRef = FCD1E019293606B500B62149 /* PageRow.swift */; };
		FCD1E03F293606B600B62149 /* SwiftUILayoutGuideApp.swift in Sources */ = {isa = PBXBuildFile; fileRef = FCD1E01A293606B500B62149 /* SwiftUILayoutGuideApp.swift */; };
		FCD1E040293606B600B62149 /* AlignmentLastBaseLinePage.swift in Sources */ = {isa = PBXBuildFile; fileRef = FCD1E01C293606B500B62149 /* AlignmentLastBaseLinePage.swift */; };
		FCD1E041293606B600B62149 /* AlignmentInStackPage.swift in Sources */ = {isa = PBXBuildFile; fileRef = FCD1E01D293606B500B62149 /* AlignmentInStackPage.swift */; };
		FCD1E042293606B600B62149 /* AlignmentTopPage.swift in Sources */ = {isa = PBXBuildFile; fileRef = FCD1E01E293606B500B62149 /* AlignmentTopPage.swift */; };
		FCD1E043293606B600B62149 /* AlignmentGuideHorizontalPage.swift in Sources */ = {isa = PBXBuildFile; fileRef = FCD1E01F293606B500B62149 /* AlignmentGuideHorizontalPage.swift */; };
		FCD1E044293606B600B62149 /* AlignmentMiddlePage.swift in Sources */ = {isa = PBXBuildFile; fileRef = FCD1E020293606B500B62149 /* AlignmentMiddlePage.swift */; };
		FCD1E045293606B600B62149 /* AlignmentBottomPage.swift in Sources */ = {isa = PBXBuildFile; fileRef = FCD1E021293606B500B62149 /* AlignmentBottomPage.swift */; };
		FCD1E046293606B600B62149 /* AlignmentFirstBaseLinePage.swift in Sources */ = {isa = PBXBuildFile; fileRef = FCD1E022293606B500B62149 /* AlignmentFirstBaseLinePage.swift */; };
		FCD1E047293606B600B62149 /* AlignmentAcrossStackPage.swift in Sources */ = {isa = PBXBuildFile; fileRef = FCD1E023293606B500B62149 /* AlignmentAcrossStackPage.swift */; };
		FCD1E048293606B600B62149 /* AlignmentGuideVerticalPage.swift in Sources */ = {isa = PBXBuildFile; fileRef = FCD1E024293606B500B62149 /* AlignmentGuideVerticalPage.swift */; };
		FCD1E049293606B600B62149 /* PaddingEdgePage.swift in Sources */ = {isa = PBXBuildFile; fileRef = FCD1E026293606B500B62149 /* PaddingEdgePage.swift */; };
		FCD1E04A293606B600B62149 /* PaddingEdgeInsetsPage.swift in Sources */ = {isa = PBXBuildFile; fileRef = FCD1E027293606B500B62149 /* PaddingEdgeInsetsPage.swift */; };
		FCD1E04B293606B600B62149 /* ScenePaddingEdgePage.swift in Sources */ = {isa = PBXBuildFile; fileRef = FCD1E028293606B500B62149 /* ScenePaddingEdgePage.swift */; };
		FCD1E04C293606B600B62149 /* PaddingPage.swift in Sources */ = {isa = PBXBuildFile; fileRef = FCD1E029293606B500B62149 /* PaddingPage.swift */; };
		FCD1E04D293606B600B62149 /* ListRowInsetsPage.swift in Sources */ = {isa = PBXBuildFile; fileRef = FCD1E02A293606B500B62149 /* ListRowInsetsPage.swift */; };
		FCD1E04E293606B600B62149 /* ContentView.swift in Sources */ = {isa = PBXBuildFile; fileRef = FCD1E02C293606B500B62149 /* ContentView.swift */; };
		FCD1E04F293606B600B62149 /* AlignmentGalleryPage.swift in Sources */ = {isa = PBXBuildFile; fileRef = FCD1E02D293606B500B62149 /* AlignmentGalleryPage.swift */; };
		FCD1E050293606B600B62149 /* GridCellColumnsPage.swift in Sources */ = {isa = PBXBuildFile; fileRef = FCD1E02F293606B500B62149 /* GridCellColumnsPage.swift */; };
		FCD1E051293606B600B62149 /* GridCellUnsizedAxesPage.swift in Sources */ = {isa = PBXBuildFile; fileRef = FCD1E030293606B500B62149 /* GridCellUnsizedAxesPage.swift */; };
		FCD1E052293606B600B62149 /* GridColumnAlignmentPage.swift in Sources */ = {isa = PBXBuildFile; fileRef = FCD1E031293606B500B62149 /* GridColumnAlignmentPage.swift */; };
		FCD1E053293606B600B62149 /* GridCellAnchorPage.swift in Sources */ = {isa = PBXBuildFile; fileRef = FCD1E032293606B500B62149 /* GridCellAnchorPage.swift */; };
/* End PBXBuildFile section */

/* Begin PBXFileReference section */
		FC23B4372934777B001E20ED /* SwiftUILayoutGuide.app */ = {isa = PBXFileReference; explicitFileType = wrapper.application; includeInIndex = 0; path = SwiftUILayoutGuide.app; sourceTree = BUILT_PRODUCTS_DIR; };
		FC8F0DBA2939DE6E0020AF38 /* ScenePaddingScenePaddingPage.swift */ = {isa = PBXFileReference; lastKnownFileType = sourcecode.swift; path = ScenePaddingScenePaddingPage.swift; sourceTree = "<group>"; };
		FCD1E00B293606B500B62149 /* FramePage.swift */ = {isa = PBXFileReference; fileEncoding = 4; lastKnownFileType = sourcecode.swift; path = FramePage.swift; sourceTree = "<group>"; };
		FCD1E00D293606B500B62149 /* FixedSizePage.swift */ = {isa = PBXFileReference; fileEncoding = 4; lastKnownFileType = sourcecode.swift; path = FixedSizePage.swift; sourceTree = "<group>"; };
		FCD1E00E293606B500B62149 /* LayoutPriorityPage.swift */ = {isa = PBXFileReference; fileEncoding = 4; lastKnownFileType = sourcecode.swift; path = LayoutPriorityPage.swift; sourceTree = "<group>"; };
		FCD1E00F293606B500B62149 /* HiddenPage.swift */ = {isa = PBXFileReference; fileEncoding = 4; lastKnownFileType = sourcecode.swift; path = HiddenPage.swift; sourceTree = "<group>"; };
		FCD1E010293606B500B62149 /* OpacityPage.swift */ = {isa = PBXFileReference; fileEncoding = 4; lastKnownFileType = sourcecode.swift; path = OpacityPage.swift; sourceTree = "<group>"; };
		FCD1E011293606B500B62149 /* ZIndexPage.swift */ = {isa = PBXFileReference; fileEncoding = 4; lastKnownFileType = sourcecode.swift; path = ZIndexPage.swift; sourceTree = "<group>"; };
		FCD1E013293606B500B62149 /* PositionPage.swift */ = {isa = PBXFileReference; fileEncoding = 4; lastKnownFileType = sourcecode.swift; path = PositionPage.swift; sourceTree = "<group>"; };
		FCD1E014293606B500B62149 /* CoordinateSpacePage.swift */ = {isa = PBXFileReference; fileEncoding = 4; lastKnownFileType = sourcecode.swift; path = CoordinateSpacePage.swift; sourceTree = "<group>"; };
		FCD1E015293606B500B62149 /* OffsetPage.swift */ = {isa = PBXFileReference; fileEncoding = 4; lastKnownFileType = sourcecode.swift; path = OffsetPage.swift; sourceTree = "<group>"; };
		FCD1E016293606B500B62149 /* Assets.xcassets */ = {isa = PBXFileReference; lastKnownFileType = folder.assetcatalog; path = Assets.xcassets; sourceTree = "<group>"; };
		FCD1E018293606B500B62149 /* Preview Assets.xcassets */ = {isa = PBXFileReference; lastKnownFileType = folder.assetcatalog; path = "Preview Assets.xcassets"; sourceTree = "<group>"; };
		FCD1E019293606B500B62149 /* PageRow.swift */ = {isa = PBXFileReference; fileEncoding = 4; lastKnownFileType = sourcecode.swift; path = PageRow.swift; sourceTree = "<group>"; };
		FCD1E01A293606B500B62149 /* SwiftUILayoutGuideApp.swift */ = {isa = PBXFileReference; fileEncoding = 4; lastKnownFileType = sourcecode.swift; path = SwiftUILayoutGuideApp.swift; sourceTree = "<group>"; };
		FCD1E01C293606B500B62149 /* AlignmentLastBaseLinePage.swift */ = {isa = PBXFileReference; fileEncoding = 4; lastKnownFileType = sourcecode.swift; path = AlignmentLastBaseLinePage.swift; sourceTree = "<group>"; };
		FCD1E01D293606B500B62149 /* AlignmentInStackPage.swift */ = {isa = PBXFileReference; fileEncoding = 4; lastKnownFileType = sourcecode.swift; path = AlignmentInStackPage.swift; sourceTree = "<group>"; };
		FCD1E01E293606B500B62149 /* AlignmentTopPage.swift */ = {isa = PBXFileReference; fileEncoding = 4; lastKnownFileType = sourcecode.swift; path = AlignmentTopPage.swift; sourceTree = "<group>"; };
		FCD1E01F293606B500B62149 /* AlignmentGuideHorizontalPage.swift */ = {isa = PBXFileReference; fileEncoding = 4; lastKnownFileType = sourcecode.swift; path = AlignmentGuideHorizontalPage.swift; sourceTree = "<group>"; };
		FCD1E020293606B500B62149 /* AlignmentMiddlePage.swift */ = {isa = PBXFileReference; fileEncoding = 4; lastKnownFileType = sourcecode.swift; path = AlignmentMiddlePage.swift; sourceTree = "<group>"; };
		FCD1E021293606B500B62149 /* AlignmentBottomPage.swift */ = {isa = PBXFileReference; fileEncoding = 4; lastKnownFileType = sourcecode.swift; path = AlignmentBottomPage.swift; sourceTree = "<group>"; };
		FCD1E022293606B500B62149 /* AlignmentFirstBaseLinePage.swift */ = {isa = PBXFileReference; fileEncoding = 4; lastKnownFileType = sourcecode.swift; path = AlignmentFirstBaseLinePage.swift; sourceTree = "<group>"; };
		FCD1E023293606B500B62149 /* AlignmentAcrossStackPage.swift */ = {isa = PBXFileReference; fileEncoding = 4; lastKnownFileType = sourcecode.swift; path = AlignmentAcrossStackPage.swift; sourceTree = "<group>"; };
		FCD1E024293606B500B62149 /* AlignmentGuideVerticalPage.swift */ = {isa = PBXFileReference; fileEncoding = 4; lastKnownFileType = sourcecode.swift; path = AlignmentGuideVerticalPage.swift; sourceTree = "<group>"; };
		FCD1E026293606B500B62149 /* PaddingEdgePage.swift */ = {isa = PBXFileReference; fileEncoding = 4; lastKnownFileType = sourcecode.swift; path = PaddingEdgePage.swift; sourceTree = "<group>"; };
		FCD1E027293606B500B62149 /* PaddingEdgeInsetsPage.swift */ = {isa = PBXFileReference; fileEncoding = 4; lastKnownFileType = sourcecode.swift; path = PaddingEdgeInsetsPage.swift; sourceTree = "<group>"; };
		FCD1E028293606B500B62149 /* ScenePaddingEdgePage.swift */ = {isa = PBXFileReference; fileEncoding = 4; lastKnownFileType = sourcecode.swift; path = ScenePaddingEdgePage.swift; sourceTree = "<group>"; };
		FCD1E029293606B500B62149 /* PaddingPage.swift */ = {isa = PBXFileReference; fileEncoding = 4; lastKnownFileType = sourcecode.swift; path = PaddingPage.swift; sourceTree = "<group>"; };
		FCD1E02A293606B500B62149 /* ListRowInsetsPage.swift */ = {isa = PBXFileReference; fileEncoding = 4; lastKnownFileType = sourcecode.swift; path = ListRowInsetsPage.swift; sourceTree = "<group>"; };
		FCD1E02B293606B500B62149 /* SwiftUILayoutGuide.entitlements */ = {isa = PBXFileReference; fileEncoding = 4; lastKnownFileType = text.plist.entitlements; path = SwiftUILayoutGuide.entitlements; sourceTree = "<group>"; };
		FCD1E02C293606B500B62149 /* ContentView.swift */ = {isa = PBXFileReference; fileEncoding = 4; lastKnownFileType = sourcecode.swift; path = ContentView.swift; sourceTree = "<group>"; };
		FCD1E02D293606B500B62149 /* AlignmentGalleryPage.swift */ = {isa = PBXFileReference; fileEncoding = 4; lastKnownFileType = sourcecode.swift; path = AlignmentGalleryPage.swift; sourceTree = "<group>"; };
		FCD1E02F293606B500B62149 /* GridCellColumnsPage.swift */ = {isa = PBXFileReference; fileEncoding = 4; lastKnownFileType = sourcecode.swift; path = GridCellColumnsPage.swift; sourceTree = "<group>"; };
		FCD1E030293606B500B62149 /* GridCellUnsizedAxesPage.swift */ = {isa = PBXFileReference; fileEncoding = 4; lastKnownFileType = sourcecode.swift; path = GridCellUnsizedAxesPage.swift; sourceTree = "<group>"; };
		FCD1E031293606B500B62149 /* GridColumnAlignmentPage.swift */ = {isa = PBXFileReference; fileEncoding = 4; lastKnownFileType = sourcecode.swift; path = GridColumnAlignmentPage.swift; sourceTree = "<group>"; };
		FCD1E032293606B500B62149 /* GridCellAnchorPage.swift */ = {isa = PBXFileReference; fileEncoding = 4; lastKnownFileType = sourcecode.swift; path = GridCellAnchorPage.swift; sourceTree = "<group>"; };
/* End PBXFileReference section */

/* Begin PBXFrameworksBuildPhase section */
		FC23B4342934777B001E20ED /* Frameworks */ = {
			isa = PBXFrameworksBuildPhase;
			buildActionMask = 2147483647;
			files = (
			);
			runOnlyForDeploymentPostprocessing = 0;
		};
/* End PBXFrameworksBuildPhase section */

/* Begin PBXGroup section */
		FC23B42E2934777B001E20ED = {
			isa = PBXGroup;
			children = (
				FCD1E00A293606B500B62149 /* SwiftUILayoutGuide */,
				FC23B4382934777B001E20ED /* Products */,
			);
			sourceTree = "<group>";
		};
		FC23B4382934777B001E20ED /* Products */ = {
			isa = PBXGroup;
			children = (
				FC23B4372934777B001E20ED /* SwiftUILayoutGuide.app */,
			);
			name = Products;
			sourceTree = "<group>";
		};
		FC8F0DB929370AA90020AF38 /* ViewImplementations */ = {
			isa = PBXGroup;
			children = (
				FCD1E00F293606B500B62149 /* HiddenPage.swift */,
				FCD1E010293606B500B62149 /* OpacityPage.swift */,
			);
			path = ViewImplementations;
			sourceTree = "<group>";
		};
		FCD1E00A293606B500B62149 /* SwiftUILayoutGuide */ = {
			isa = PBXGroup;
			children = (
				FC8F0DB929370AA90020AF38 /* ViewImplementations */,
				FCD1E01B293606B500B62149 /* Alignment */,
				FCD1E02E293606B500B62149 /* Grid */,
				FCD1E0542936070B00B62149 /* LayerOrder */,
				FCD1E00C293606B500B62149 /* Size */,
				FCD1E025293606B500B62149 /* Padding */,
				FCD1E012293606B500B62149 /* Position */,
				FCD1E016293606B500B62149 /* Assets.xcassets */,
				FCD1E017293606B500B62149 /* Preview Content */,
				FCD1E019293606B500B62149 /* PageRow.swift */,
				FCD1E01A293606B500B62149 /* SwiftUILayoutGuideApp.swift */,
				FCD1E02B293606B500B62149 /* SwiftUILayoutGuide.entitlements */,
				FCD1E02C293606B500B62149 /* ContentView.swift */,
			);
			path = SwiftUILayoutGuide;
			sourceTree = "<group>";
		};
		FCD1E00C293606B500B62149 /* Size */ = {
			isa = PBXGroup;
			children = (
				FCD1E00B293606B500B62149 /* FramePage.swift */,
				FCD1E00D293606B500B62149 /* FixedSizePage.swift */,
				FCD1E00E293606B500B62149 /* LayoutPriorityPage.swift */,
			);
			path = Size;
			sourceTree = "<group>";
		};
		FCD1E012293606B500B62149 /* Position */ = {
			isa = PBXGroup;
			children = (
				FCD1E013293606B500B62149 /* PositionPage.swift */,
				FCD1E014293606B500B62149 /* CoordinateSpacePage.swift */,
				FCD1E015293606B500B62149 /* OffsetPage.swift */,
			);
			path = Position;
			sourceTree = "<group>";
		};
		FCD1E017293606B500B62149 /* Preview Content */ = {
			isa = PBXGroup;
			children = (
				FCD1E018293606B500B62149 /* Preview Assets.xcassets */,
			);
			path = "Preview Content";
			sourceTree = "<group>";
		};
		FCD1E01B293606B500B62149 /* Alignment */ = {
			isa = PBXGroup;
			children = (
				FCD1E02D293606B500B62149 /* AlignmentGalleryPage.swift */,
				FCD1E01C293606B500B62149 /* AlignmentLastBaseLinePage.swift */,
				FCD1E01D293606B500B62149 /* AlignmentInStackPage.swift */,
				FCD1E01E293606B500B62149 /* AlignmentTopPage.swift */,
				FCD1E01F293606B500B62149 /* AlignmentGuideHorizontalPage.swift */,
				FCD1E020293606B500B62149 /* AlignmentMiddlePage.swift */,
				FCD1E021293606B500B62149 /* AlignmentBottomPage.swift */,
				FCD1E022293606B500B62149 /* AlignmentFirstBaseLinePage.swift */,
				FCD1E023293606B500B62149 /* AlignmentAcrossStackPage.swift */,
				FCD1E024293606B500B62149 /* AlignmentGuideVerticalPage.swift */,
			);
			path = Alignment;
			sourceTree = "<group>";
		};
		FCD1E025293606B500B62149 /* Padding */ = {
			isa = PBXGroup;
			children = (
				FCD1E026293606B500B62149 /* PaddingEdgePage.swift */,
				FCD1E027293606B500B62149 /* PaddingEdgeInsetsPage.swift */,
				FCD1E028293606B500B62149 /* ScenePaddingEdgePage.swift */,
				FCD1E029293606B500B62149 /* PaddingPage.swift */,
				FCD1E02A293606B500B62149 /* ListRowInsetsPage.swift */,
				FC8F0DBA2939DE6E0020AF38 /* ScenePaddingScenePaddingPage.swift */,
			);
			path = Padding;
			sourceTree = "<group>";
		};
		FCD1E02E293606B500B62149 /* Grid */ = {
			isa = PBXGroup;
			children = (
				FCD1E02F293606B500B62149 /* GridCellColumnsPage.swift */,
				FCD1E030293606B500B62149 /* GridCellUnsizedAxesPage.swift */,
				FCD1E031293606B500B62149 /* GridColumnAlignmentPage.swift */,
				FCD1E032293606B500B62149 /* GridCellAnchorPage.swift */,
			);
			path = Grid;
			sourceTree = "<group>";
		};
		FCD1E0542936070B00B62149 /* LayerOrder */ = {
			isa = PBXGroup;
			children = (
				FCD1E011293606B500B62149 /* ZIndexPage.swift */,
			);
			path = LayerOrder;
			sourceTree = "<group>";
		};
/* End PBXGroup section */

/* Begin PBXNativeTarget section */
		FC23B4362934777B001E20ED /* SwiftUILayoutGuide */ = {
			isa = PBXNativeTarget;
			buildConfigurationList = FC23B4462934777D001E20ED /* Build configuration list for PBXNativeTarget "SwiftUILayoutGuide" */;
			buildPhases = (
				FC23B4332934777B001E20ED /* Sources */,
				FC23B4342934777B001E20ED /* Frameworks */,
				FC23B4352934777B001E20ED /* Resources */,
			);
			buildRules = (
			);
			dependencies = (
			);
			name = SwiftUILayoutGuide;
			productName = SwiftUILayoutGuide;
			productReference = FC23B4372934777B001E20ED /* SwiftUILayoutGuide.app */;
			productType = "com.apple.product-type.application";
		};
/* End PBXNativeTarget section */

/* Begin PBXProject section */
		FC23B42F2934777B001E20ED /* Project object */ = {
			isa = PBXProject;
			attributes = {
				BuildIndependentTargetsInParallel = 1;
				LastSwiftUpdateCheck = 1410;
				LastUpgradeCheck = 1410;
				TargetAttributes = {
					FC23B4362934777B001E20ED = {
						CreatedOnToolsVersion = 14.1;
					};
				};
			};
			buildConfigurationList = FC23B4322934777B001E20ED /* Build configuration list for PBXProject "SwiftUILayoutGuide" */;
			compatibilityVersion = "Xcode 14.0";
			developmentRegion = en;
			hasScannedForEncodings = 0;
			knownRegions = (
				en,
				Base,
			);
			mainGroup = FC23B42E2934777B001E20ED;
			productRefGroup = FC23B4382934777B001E20ED /* Products */;
			projectDirPath = "";
			projectRoot = "";
			targets = (
				FC23B4362934777B001E20ED /* SwiftUILayoutGuide */,
			);
		};
/* End PBXProject section */

/* Begin PBXResourcesBuildPhase section */
		FC23B4352934777B001E20ED /* Resources */ = {
			isa = PBXResourcesBuildPhase;
			buildActionMask = 2147483647;
			files = (
				FCD1E03D293606B600B62149 /* Preview Assets.xcassets in Resources */,
				FCD1E03C293606B600B62149 /* Assets.xcassets in Resources */,
			);
			runOnlyForDeploymentPostprocessing = 0;
		};
/* End PBXResourcesBuildPhase section */

/* Begin PBXSourcesBuildPhase section */
		FC23B4332934777B001E20ED /* Sources */ = {
			isa = PBXSourcesBuildPhase;
			buildActionMask = 2147483647;
			files = (
				FCD1E053293606B600B62149 /* GridCellAnchorPage.swift in Sources */,
				FCD1E04D293606B600B62149 /* ListRowInsetsPage.swift in Sources */,
				FCD1E036293606B600B62149 /* HiddenPage.swift in Sources */,
				FCD1E03E293606B600B62149 /* PageRow.swift in Sources */,
				FCD1E035293606B600B62149 /* LayoutPriorityPage.swift in Sources */,
				FCD1E03F293606B600B62149 /* SwiftUILayoutGuideApp.swift in Sources */,
				FCD1E038293606B600B62149 /* ZIndexPage.swift in Sources */,
				FCD1E04A293606B600B62149 /* PaddingEdgeInsetsPage.swift in Sources */,
				FCD1E049293606B600B62149 /* PaddingEdgePage.swift in Sources */,
				FCD1E045293606B600B62149 /* AlignmentBottomPage.swift in Sources */,
				FCD1E040293606B600B62149 /* AlignmentLastBaseLinePage.swift in Sources */,
				FCD1E04E293606B600B62149 /* ContentView.swift in Sources */,
				FCD1E037293606B600B62149 /* OpacityPage.swift in Sources */,
				FCD1E039293606B600B62149 /* PositionPage.swift in Sources */,
				FCD1E042293606B600B62149 /* AlignmentTopPage.swift in Sources */,
				FCD1E052293606B600B62149 /* GridColumnAlignmentPage.swift in Sources */,
				FCD1E04F293606B600B62149 /* AlignmentGalleryPage.swift in Sources */,
				FCD1E046293606B600B62149 /* AlignmentFirstBaseLinePage.swift in Sources */,
				FCD1E041293606B600B62149 /* AlignmentInStackPage.swift in Sources */,
				FCD1E03A293606B600B62149 /* CoordinateSpacePage.swift in Sources */,
				FC8F0DBB2939DE6E0020AF38 /* ScenePaddingScenePaddingPage.swift in Sources */,
				FCD1E04B293606B600B62149 /* ScenePaddingEdgePage.swift in Sources */,
				FCD1E04C293606B600B62149 /* PaddingPage.swift in Sources */,
				FCD1E050293606B600B62149 /* GridCellColumnsPage.swift in Sources */,
				FCD1E034293606B600B62149 /* FixedSizePage.swift in Sources */,
				FCD1E043293606B600B62149 /* AlignmentGuideHorizontalPage.swift in Sources */,
				FCD1E03B293606B600B62149 /* OffsetPage.swift in Sources */,
				FCD1E051293606B600B62149 /* GridCellUnsizedAxesPage.swift in Sources */,
				FCD1E033293606B600B62149 /* FramePage.swift in Sources */,
				FCD1E044293606B600B62149 /* AlignmentMiddlePage.swift in Sources */,
				FCD1E048293606B600B62149 /* AlignmentGuideVerticalPage.swift in Sources */,
				FCD1E047293606B600B62149 /* AlignmentAcrossStackPage.swift in Sources */,
			);
			runOnlyForDeploymentPostprocessing = 0;
		};
/* End PBXSourcesBuildPhase section */

/* Begin XCBuildConfiguration section */
		FC23B4442934777D001E20ED /* Debug */ = {
			isa = XCBuildConfiguration;
			buildSettings = {
				ALWAYS_SEARCH_USER_PATHS = NO;
				CLANG_ANALYZER_NONNULL = YES;
				CLANG_ANALYZER_NUMBER_OBJECT_CONVERSION = YES_AGGRESSIVE;
				CLANG_CXX_LANGUAGE_STANDARD = "gnu++20";
				CLANG_ENABLE_MODULES = YES;
				CLANG_ENABLE_OBJC_ARC = YES;
				CLANG_ENABLE_OBJC_WEAK = YES;
				CLANG_WARN_BLOCK_CAPTURE_AUTORELEASING = YES;
				CLANG_WARN_BOOL_CONVERSION = YES;
				CLANG_WARN_COMMA = YES;
				CLANG_WARN_CONSTANT_CONVERSION = YES;
				CLANG_WARN_DEPRECATED_OBJC_IMPLEMENTATIONS = YES;
				CLANG_WARN_DIRECT_OBJC_ISA_USAGE = YES_ERROR;
				CLANG_WARN_DOCUMENTATION_COMMENTS = YES;
				CLANG_WARN_EMPTY_BODY = YES;
				CLANG_WARN_ENUM_CONVERSION = YES;
				CLANG_WARN_INFINITE_RECURSION = YES;
				CLANG_WARN_INT_CONVERSION = YES;
				CLANG_WARN_NON_LITERAL_NULL_CONVERSION = YES;
				CLANG_WARN_OBJC_IMPLICIT_RETAIN_SELF = YES;
				CLANG_WARN_OBJC_LITERAL_CONVERSION = YES;
				CLANG_WARN_OBJC_ROOT_CLASS = YES_ERROR;
				CLANG_WARN_QUOTED_INCLUDE_IN_FRAMEWORK_HEADER = YES;
				CLANG_WARN_RANGE_LOOP_ANALYSIS = YES;
				CLANG_WARN_STRICT_PROTOTYPES = YES;
				CLANG_WARN_SUSPICIOUS_MOVE = YES;
				CLANG_WARN_UNGUARDED_AVAILABILITY = YES_AGGRESSIVE;
				CLANG_WARN_UNREACHABLE_CODE = YES;
				CLANG_WARN__DUPLICATE_METHOD_MATCH = YES;
				COPY_PHASE_STRIP = NO;
				DEBUG_INFORMATION_FORMAT = dwarf;
				ENABLE_STRICT_OBJC_MSGSEND = YES;
				ENABLE_TESTABILITY = YES;
				GCC_C_LANGUAGE_STANDARD = gnu11;
				GCC_DYNAMIC_NO_PIC = NO;
				GCC_NO_COMMON_BLOCKS = YES;
				GCC_OPTIMIZATION_LEVEL = 0;
				GCC_PREPROCESSOR_DEFINITIONS = (
					"DEBUG=1",
					"$(inherited)",
				);
				GCC_WARN_64_TO_32_BIT_CONVERSION = YES;
				GCC_WARN_ABOUT_RETURN_TYPE = YES_ERROR;
				GCC_WARN_UNDECLARED_SELECTOR = YES;
				GCC_WARN_UNINITIALIZED_AUTOS = YES_AGGRESSIVE;
				GCC_WARN_UNUSED_FUNCTION = YES;
				GCC_WARN_UNUSED_VARIABLE = YES;
				MTL_ENABLE_DEBUG_INFO = INCLUDE_SOURCE;
				MTL_FAST_MATH = YES;
				ONLY_ACTIVE_ARCH = YES;
				SWIFT_ACTIVE_COMPILATION_CONDITIONS = DEBUG;
				SWIFT_OPTIMIZATION_LEVEL = "-Onone";
			};
			name = Debug;
		};
		FC23B4452934777D001E20ED /* Release */ = {
			isa = XCBuildConfiguration;
			buildSettings = {
				ALWAYS_SEARCH_USER_PATHS = NO;
				CLANG_ANALYZER_NONNULL = YES;
				CLANG_ANALYZER_NUMBER_OBJECT_CONVERSION = YES_AGGRESSIVE;
				CLANG_CXX_LANGUAGE_STANDARD = "gnu++20";
				CLANG_ENABLE_MODULES = YES;
				CLANG_ENABLE_OBJC_ARC = YES;
				CLANG_ENABLE_OBJC_WEAK = YES;
				CLANG_WARN_BLOCK_CAPTURE_AUTORELEASING = YES;
				CLANG_WARN_BOOL_CONVERSION = YES;
				CLANG_WARN_COMMA = YES;
				CLANG_WARN_CONSTANT_CONVERSION = YES;
				CLANG_WARN_DEPRECATED_OBJC_IMPLEMENTATIONS = YES;
				CLANG_WARN_DIRECT_OBJC_ISA_USAGE = YES_ERROR;
				CLANG_WARN_DOCUMENTATION_COMMENTS = YES;
				CLANG_WARN_EMPTY_BODY = YES;
				CLANG_WARN_ENUM_CONVERSION = YES;
				CLANG_WARN_INFINITE_RECURSION = YES;
				CLANG_WARN_INT_CONVERSION = YES;
				CLANG_WARN_NON_LITERAL_NULL_CONVERSION = YES;
				CLANG_WARN_OBJC_IMPLICIT_RETAIN_SELF = YES;
				CLANG_WARN_OBJC_LITERAL_CONVERSION = YES;
				CLANG_WARN_OBJC_ROOT_CLASS = YES_ERROR;
				CLANG_WARN_QUOTED_INCLUDE_IN_FRAMEWORK_HEADER = YES;
				CLANG_WARN_RANGE_LOOP_ANALYSIS = YES;
				CLANG_WARN_STRICT_PROTOTYPES = YES;
				CLANG_WARN_SUSPICIOUS_MOVE = YES;
				CLANG_WARN_UNGUARDED_AVAILABILITY = YES_AGGRESSIVE;
				CLANG_WARN_UNREACHABLE_CODE = YES;
				CLANG_WARN__DUPLICATE_METHOD_MATCH = YES;
				COPY_PHASE_STRIP = NO;
				DEBUG_INFORMATION_FORMAT = "dwarf-with-dsym";
				ENABLE_NS_ASSERTIONS = NO;
				ENABLE_STRICT_OBJC_MSGSEND = YES;
				GCC_C_LANGUAGE_STANDARD = gnu11;
				GCC_NO_COMMON_BLOCKS = YES;
				GCC_WARN_64_TO_32_BIT_CONVERSION = YES;
				GCC_WARN_ABOUT_RETURN_TYPE = YES_ERROR;
				GCC_WARN_UNDECLARED_SELECTOR = YES;
				GCC_WARN_UNINITIALIZED_AUTOS = YES_AGGRESSIVE;
				GCC_WARN_UNUSED_FUNCTION = YES;
				GCC_WARN_UNUSED_VARIABLE = YES;
				MTL_ENABLE_DEBUG_INFO = NO;
				MTL_FAST_MATH = YES;
				SWIFT_COMPILATION_MODE = wholemodule;
				SWIFT_OPTIMIZATION_LEVEL = "-O";
			};
			name = Release;
		};
		FC23B4472934777D001E20ED /* Debug */ = {
			isa = XCBuildConfiguration;
			buildSettings = {
				ASSETCATALOG_COMPILER_APPICON_NAME = AppIcon;
				ASSETCATALOG_COMPILER_GLOBAL_ACCENT_COLOR_NAME = AccentColor;
				CODE_SIGN_ENTITLEMENTS = SwiftUILayoutGuide/SwiftUILayoutGuide.entitlements;
				"CODE_SIGN_IDENTITY[sdk=macosx*]" = "-";
				CODE_SIGN_STYLE = Automatic;
				CURRENT_PROJECT_VERSION = 1;
				DEVELOPMENT_ASSET_PATHS = "\"SwiftUILayoutGuide/Preview Content\"";
				DEVELOPMENT_TEAM = 823GH4ASKZ;
				ENABLE_PREVIEWS = YES;
				GENERATE_INFOPLIST_FILE = YES;
				"INFOPLIST_KEY_UIApplicationSceneManifest_Generation[sdk=iphoneos*]" = YES;
				"INFOPLIST_KEY_UIApplicationSceneManifest_Generation[sdk=iphonesimulator*]" = YES;
				"INFOPLIST_KEY_UIApplicationSupportsIndirectInputEvents[sdk=iphoneos*]" = YES;
				"INFOPLIST_KEY_UIApplicationSupportsIndirectInputEvents[sdk=iphonesimulator*]" = YES;
				"INFOPLIST_KEY_UILaunchScreen_Generation[sdk=iphoneos*]" = YES;
				"INFOPLIST_KEY_UILaunchScreen_Generation[sdk=iphonesimulator*]" = YES;
				"INFOPLIST_KEY_UIStatusBarStyle[sdk=iphoneos*]" = UIStatusBarStyleDefault;
				"INFOPLIST_KEY_UIStatusBarStyle[sdk=iphonesimulator*]" = UIStatusBarStyleDefault;
				INFOPLIST_KEY_UISupportedInterfaceOrientations_iPad = "UIInterfaceOrientationPortrait UIInterfaceOrientationPortraitUpsideDown UIInterfaceOrientationLandscapeLeft UIInterfaceOrientationLandscapeRight";
				INFOPLIST_KEY_UISupportedInterfaceOrientations_iPhone = "UIInterfaceOrientationPortrait UIInterfaceOrientationLandscapeLeft UIInterfaceOrientationLandscapeRight";
				IPHONEOS_DEPLOYMENT_TARGET = 16.1;
				LD_RUNPATH_SEARCH_PATHS = "@executable_path/Frameworks";
				"LD_RUNPATH_SEARCH_PATHS[sdk=macosx*]" = "@executable_path/../Frameworks";
				MACOSX_DEPLOYMENT_TARGET = 13.0;
				MARKETING_VERSION = 1.0;
				PRODUCT_BUNDLE_IDENTIFIER = com.shukangfan.SwiftUIDemo;
				PRODUCT_NAME = "$(TARGET_NAME)";
				SDKROOT = auto;
				SUPPORTED_PLATFORMS = "iphoneos iphonesimulator";
				SUPPORTS_MACCATALYST = YES;
				SUPPORTS_MAC_DESIGNED_FOR_IPHONE_IPAD = NO;
				SWIFT_EMIT_LOC_STRINGS = YES;
				SWIFT_VERSION = 5.0;
				TARGETED_DEVICE_FAMILY = "1,2";
			};
			name = Debug;
		};
		FC23B4482934777D001E20ED /* Release */ = {
			isa = XCBuildConfiguration;
			buildSettings = {
				ASSETCATALOG_COMPILER_APPICON_NAME = AppIcon;
				ASSETCATALOG_COMPILER_GLOBAL_ACCENT_COLOR_NAME = AccentColor;
				CODE_SIGN_ENTITLEMENTS = SwiftUILayoutGuide/SwiftUILayoutGuide.entitlements;
				"CODE_SIGN_IDENTITY[sdk=macosx*]" = "-";
				CODE_SIGN_STYLE = Automatic;
				CURRENT_PROJECT_VERSION = 1;
				DEVELOPMENT_ASSET_PATHS = "\"SwiftUILayoutGuide/Preview Content\"";
				DEVELOPMENT_TEAM = 823GH4ASKZ;
				ENABLE_PREVIEWS = YES;
				GENERATE_INFOPLIST_FILE = YES;
				"INFOPLIST_KEY_UIApplicationSceneManifest_Generation[sdk=iphoneos*]" = YES;
				"INFOPLIST_KEY_UIApplicationSceneManifest_Generation[sdk=iphonesimulator*]" = YES;
				"INFOPLIST_KEY_UIApplicationSupportsIndirectInputEvents[sdk=iphoneos*]" = YES;
				"INFOPLIST_KEY_UIApplicationSupportsIndirectInputEvents[sdk=iphonesimulator*]" = YES;
				"INFOPLIST_KEY_UILaunchScreen_Generation[sdk=iphoneos*]" = YES;
				"INFOPLIST_KEY_UILaunchScreen_Generation[sdk=iphonesimulator*]" = YES;
				"INFOPLIST_KEY_UIStatusBarStyle[sdk=iphoneos*]" = UIStatusBarStyleDefault;
				"INFOPLIST_KEY_UIStatusBarStyle[sdk=iphonesimulator*]" = UIStatusBarStyleDefault;
				INFOPLIST_KEY_UISupportedInterfaceOrientations_iPad = "UIInterfaceOrientationPortrait UIInterfaceOrientationPortraitUpsideDown UIInterfaceOrientationLandscapeLeft UIInterfaceOrientationLandscapeRight";
				INFOPLIST_KEY_UISupportedInterfaceOrientations_iPhone = "UIInterfaceOrientationPortrait UIInterfaceOrientationLandscapeLeft UIInterfaceOrientationLandscapeRight";
				IPHONEOS_DEPLOYMENT_TARGET = 16.1;
				LD_RUNPATH_SEARCH_PATHS = "@executable_path/Frameworks";
				"LD_RUNPATH_SEARCH_PATHS[sdk=macosx*]" = "@executable_path/../Frameworks";
				MACOSX_DEPLOYMENT_TARGET = 13.0;
				MARKETING_VERSION = 1.0;
				PRODUCT_BUNDLE_IDENTIFIER = com.shukangfan.SwiftUIDemo;
				PRODUCT_NAME = "$(TARGET_NAME)";
				SDKROOT = auto;
				SUPPORTED_PLATFORMS = "iphoneos iphonesimulator";
				SUPPORTS_MACCATALYST = YES;
				SUPPORTS_MAC_DESIGNED_FOR_IPHONE_IPAD = NO;
				SWIFT_EMIT_LOC_STRINGS = YES;
				SWIFT_VERSION = 5.0;
				TARGETED_DEVICE_FAMILY = "1,2";
			};
			name = Release;
		};
/* End XCBuildConfiguration section */

/* Begin XCConfigurationList section */
		FC23B4322934777B001E20ED /* Build configuration list for PBXProject "SwiftUILayoutGuide" */ = {
			isa = XCConfigurationList;
			buildConfigurations = (
				FC23B4442934777D001E20ED /* Debug */,
				FC23B4452934777D001E20ED /* Release */,
			);
			defaultConfigurationIsVisible = 0;
			defaultConfigurationName = Release;
		};
		FC23B4462934777D001E20ED /* Build configuration list for PBXNativeTarget "SwiftUILayoutGuide" */ = {
			isa = XCConfigurationList;
			buildConfigurations = (
				FC23B4472934777D001E20ED /* Debug */,
				FC23B4482934777D001E20ED /* Release */,
			);
			defaultConfigurationIsVisible = 0;
			defaultConfigurationName = Release;
		};
/* End XCConfigurationList section */
	};
	rootObject = FC23B42F2934777B001E20ED /* Project object */;
}
